
Microsoft Visual Studio Solution File, Format Version 12.00
# Visual Studio Version 17
VisualStudioVersion = 17.7.34221.43
MinimumVisualStudioVersion = 10.0.40219.1
Project("{FAE04EC0-301F-11D3-BF4B-00C04F79EFBC}") = "Level_Up_Project", "Level_Up_Project.csproj", "{CA6634F9-0BD6-413D-9D4B-079975DB6CB3}"
EndProject
Global
	GlobalSection(SolutionConfigurationPlatforms) = preSolution
		Debug|Any CPU = Debug|Any CPU
		Release|Any CPU = Release|Any CPU
	EndGlobalSection
	GlobalSection(ProjectConfigurationPlatforms) = postSolution
		{CA6634F9-0BD6-413D-9D4B-079975DB6CB3}.Debug|Any CPU.ActiveCfg = Debug|Any CPU
		{CA6634F9-0BD6-413D-9D4B-079975DB6CB3}.Debug|Any CPU.Build.0 = Debug|Any CPU
		{CA6634F9-0BD6-413D-9D4B-079975DB6CB3}.Release|Any CPU.ActiveCfg = Release|Any CPU
		{CA6634F9-0BD6-413D-9D4B-079975DB6CB3}.Release|Any CPU.Build.0 = Release|Any CPU
	EndGlobalSection
	GlobalSection(SolutionProperties) = preSolution
		HideSolutionNode = FALSE
	EndGlobalSection
	GlobalSection(ExtensibilityGlobals) = postSolution
		SolutionGuid = {11A5F6EB-07B1-466C-8A96-A2EA0DFC275E}
	EndGlobalSection
EndGlobal
